# THIS IS AN AUTOGENERATED FILE. DO NOT EDIT THIS FILE DIRECTLY.
# yarn lockfile v1


"@togglecorp/fujs@^1.2.1":
  version "1.3.0"
  resolved "https://registry.yarnpkg.com/@togglecorp/fujs/-/fujs-1.3.0.tgz#c663826e60eea46129ae7531b2f2db527aff59e7"
  integrity sha512-Ymhw3uFTSbJmUcWNfytS75ZAkIR7D9QJKgBuIePVYqNpntmx5Inly7y8Ha5vPH2sOYIzzJ1Pc8qZuk3iNjJ0QA==

"@togglecorp/react-rest-request@^2.3.0":
  version "2.3.0"
  resolved "https://registry.yarnpkg.com/@togglecorp/react-rest-request/-/react-rest-request-2.3.0.tgz#9ca75397af0881b3aacfd7688cdeff4280fdbd92"
  integrity sha512-xJb7HTg677UrVeLoOQuyK2dGZagPvfo7J6K+9ag/+SqYz79eug7u5TuHViGr6nkHhPZpxvUI1UJFSjle6MuA1w==
  dependencies:
    "@togglecorp/fujs" "^1.2.1"
    hoist-non-react-statics "^3.2.1"

hoist-non-react-statics@^3.2.1:
  version "3.3.0"
  resolved "https://registry.yarnpkg.com/hoist-non-react-statics/-/hoist-non-react-statics-3.3.0.tgz#b09178f0122184fb95acf525daaecb4d8f45958b"
  integrity sha512-0XsbTXxgiaCDYDIWFcwkmerZPSwywfUqYmwT4jzewKTQSWoE6FCMoUVOeBJWK3E/CrWbxRG3m5GzY4lnIwGRBA==
  dependencies:
    react-is "^16.7.0"

react-is@^16.7.0:
  version "16.8.3"
  resolved "https://registry.yarnpkg.com/react-is/-/react-is-16.8.3.tgz#4ad8b029c2a718fc0cfc746c8d4e1b7221e5387d"
  integrity sha512-Y4rC1ZJmsxxkkPuMLwvKvlL1Zfpbcu+Bf4ZigkHup3v9EfdYhAlWAaVyA19olXq2o2mGn0w+dFKvk3pVVlYcIA==
